
Microsoft Visual Studio Solution File, Format Version 12.00
# Visual Studio Version 16
VisualStudioVersion = 16.0.31321.278
MinimumVisualStudioVersion = 10.0.40219.1
Project("{FAE04EC0-301F-11D3-BF4B-00C04F79EFBC}") = "TpSocket", "TpSocket.csproj", "{2453AEC8-8585-426E-A14E-66F594E03D8D}"
EndProject
Global
	GlobalSection(SolutionConfigurationPlatforms) = preSolution
		Debug|Any CPU = Debug|Any CPU
		Release|Any CPU = Release|Any CPU
	EndGlobalSection
	GlobalSection(ProjectConfigurationPlatforms) = postSolution
		{2453AEC8-8585-426E-A14E-66F594E03D8D}.Debug|Any CPU.ActiveCfg = Debug|Any CPU
		{2453AEC8-8585-426E-A14E-66F594E03D8D}.Debug|Any CPU.Build.0 = Debug|Any CPU
		{2453AEC8-8585-426E-A14E-66F594E03D8D}.Release|Any CPU.ActiveCfg = Release|Any CPU
		{2453AEC8-8585-426E-A14E-66F594E03D8D}.Release|Any CPU.Build.0 = Release|Any CPU
	EndGlobalSection
	GlobalSection(SolutionProperties) = preSolution
		HideSolutionNode = FALSE
	EndGlobalSection
	GlobalSection(ExtensibilityGlobals) = postSolution
		SolutionGuid = {497B568B-6787-4DC3-B1B9-C3FD2FC19316}
	EndGlobalSection
EndGlobal
